
Microsoft Visual Studio Solution File, Format Version 12.00
# Visual Studio 14
VisualStudioVersion = 14.0.25420.1
MinimumVisualStudioVersion = 10.0.40219.1
Project("{E24C65DC-7377-472B-9ABA-BC803B73C61A}") = "Licence", "E:\Asp\Licence\", "{3E8E1312-B12D-4278-AE67-7BD4C03B16AB}"
	ProjectSection(WebsiteProperties) = preProject
		TargetFrameworkMoniker = ".NETFramework,Version%3Dv4.6.1"
		Debug.AspNetCompiler.VirtualPath = "/localhost_7119"
		Debug.AspNetCompiler.PhysicalPath = "E:\Asp\Licence\"
		Debug.AspNetCompiler.TargetPath = "PrecompiledWeb\localhost_7119\"
		Debug.AspNetCompiler.Updateable = "true"
		Debug.AspNetCompiler.ForceOverwrite = "true"
		Debug.AspNetCompiler.FixedNames = "false"
		Debug.AspNetCompiler.Debug = "True"
		Release.AspNetCompiler.VirtualPath = "/localhost_7119"
		Release.AspNetCompiler.PhysicalPath = "E:\Asp\Licence\"
		Release.AspNetCompiler.TargetPath = "PrecompiledWeb\localhost_7119\"
		Release.AspNetCompiler.Updateable = "true"
		Release.AspNetCompiler.ForceOverwrite = "true"
		Release.AspNetCompiler.FixedNames = "false"
		Release.AspNetCompiler.Debug = "False"
		VWDPort = "7119"
		SlnRelativePath = "E:\Asp\Licence\"
		DefaultWebSiteLanguage = "Visual C#"
	EndProjectSection
EndProject
Global
	GlobalSection(SolutionConfigurationPlatforms) = preSolution
		Debug|Any CPU = Debug|Any CPU
	EndGlobalSection
	GlobalSection(ProjectConfigurationPlatforms) = postSolution
		{3E8E1312-B12D-4278-AE67-7BD4C03B16AB}.Debug|Any CPU.ActiveCfg = Debug|Any CPU
		{3E8E1312-B12D-4278-AE67-7BD4C03B16AB}.Debug|Any CPU.Build.0 = Debug|Any CPU
	EndGlobalSection
	GlobalSection(SolutionProperties) = preSolution
		HideSolutionNode = FALSE
	EndGlobalSection
EndGlobal
